<?xml version="1.0" encoding="utf-8"?>
<Project ToolsVersion="4.0" xmlns="http://schemas.microsoft.com/developer/msbuild/2003">
  <ItemGroup>
    <ClCompile Include="..\Audio.cpp" />
    <ClCompile Include="..\CbmTune.cpp" />
    <ClCompile Include="..\Cpu.cpp" />
    <ClCompile Include="..\Filter.cpp" />
    <ClCompile Include="..\Sid.cpp" />
    <ClCompile Include="..\Tedmem.cpp" />
    <ClCompile Include="..\tedplay.cpp" />
    <ClCompile Include="..\Tedsound.cpp" />
    <ClCompile Include="AudioDirectSound.cpp">
      <Filter>Win</Filter>
    </ClCompile>
    <ClCompile Include="PlayList.cpp">
      <Filter>Win</Filter>
    </ClCompile>
    <ClCompile Include="MainFrm.cpp">
      <Filter>Win</Filter>
    </ClCompile>
    <ClCompile Include="PropPageAudio.cpp">
      <Filter>Win</Filter>
    </ClCompile>
    <ClCompile Include="PropSheet.cpp">
      <Filter>Win</Filter>
    </ClCompile>
    <ClCompile Include="registry.cpp">
      <Filter>Win</Filter>
    </ClCompile>
    <ClCompile Include="TedPlayWTL.cpp">
      <Filter>Win</Filter>
    </ClCompile>
  </ItemGroup>
  <ItemGroup>
    <ClInclude Include="resource.h">
      <Filter>Resources</Filter>
    </ClInclude>
    <ClInclude Include="Aboutdlg.h">
      <Filter>Win</Filter>
    </ClInclude>
    <ClInclude Include="PlayList.h">
      <Filter>Win</Filter>
    </ClInclude>
    <ClInclude Include="AudioDirectSound.h">
      <Filter>Win</Filter>
    </ClInclude>
    <ClInclude Include="MainFrm.h">
      <Filter>Win</Filter>
    </ClInclude>
    <ClInclude Include="PropertiesDlg.h">
      <Filter>Win</Filter>
    </ClInclude>
    <ClInclude Include="PropPageAudio.h">
      <Filter>Win</Filter>
    </ClInclude>
    <ClInclude Include="PropSheet.h">
      <Filter>Win</Filter>
    </ClInclude>
    <ClInclude Include="stdafx.h">
      <Filter>Win</Filter>
    </ClInclude>
    <ClInclude Include="..\Audio.h">
      <Filter>Headers</Filter>
    </ClInclude>
    <ClInclude Include="..\CbmTune.h">
      <Filter>Headers</Filter>
    </ClInclude>
    <ClInclude Include="..\Cpu.h">
      <Filter>Headers</Filter>
    </ClInclude>
    <ClInclude Include="..\Cpu7501asm.h">
      <Filter>Headers</Filter>
    </ClInclude>
    <ClInclude Include="..\Filter.h">
      <Filter>Headers</Filter>
    </ClInclude>
    <ClInclude Include="..\psid.h">
      <Filter>Headers</Filter>
    </ClInclude>
    <ClInclude Include="..\Sid.h">
      <Filter>Headers</Filter>
    </ClInclude>
    <ClInclude Include="..\Tedmem.h">
      <Filter>Headers</Filter>
    </ClInclude>
    <ClInclude Include="..\tedplay.h">
      <Filter>Headers</Filter>
    </ClInclude>
  </ItemGroup>
  <ItemGroup>
    <None Include="audio.ico">
      <Filter>Resources</Filter>
    </None>
    <None Include="chip.ico">
      <Filter>Resources</Filter>
    </None>
    <None Include="next.ico">
      <Filter>Resources</Filter>
    </None>
    <None Include="open.ico">
      <Filter>Resources</Filter>
    </None>
    <None Include="pause.ico">
      <Filter>Resources</Filter>
    </None>
    <None Include="play.ico">
      <Filter>Resources</Filter>
    </None>
    <None Include="prev.ico">
      <Filter>Resources</Filter>
    </None>
    <None Include="save.ico">
      <Filter>Resources</Filter>
    </None>
    <None Include="stop.ico">
      <Filter>Resources</Filter>
    </None>
    <None Include="..\cbm8m.txt">
      <Filter>Resources</Filter>
    </None>
  </ItemGroup>
  <ItemGroup>
    <Filter Include="Resources">
      <UniqueIdentifier>{141a9ac0-8bda-411d-9a6a-4d479343476c}</UniqueIdentifier>
    </Filter>
    <Filter Include="Headers">
      <UniqueIdentifier>{97025fd2-6f6a-475b-8214-5eebcf4c5c46}</UniqueIdentifier>
    </Filter>
    <Filter Include="Win">
      <UniqueIdentifier>{5a5ba9a5-c0e0-487e-811a-69ad0c3229e2}</UniqueIdentifier>
    </Filter>
  </ItemGroup>
  <ItemGroup>
    <ResourceCompile Include="tedplay.rc">
      <Filter>Resources</Filter>
    </ResourceCompile>
  </ItemGroup>
</Project>